
Microsoft Visual Studio Solution File, Format Version 12.00
# Visual Studio Version 17
VisualStudioVersion = 17.6.33815.320
MinimumVisualStudioVersion = 10.0.40219.1
Project("{8BC9CEB8-8B4A-11D0-8D11-00A0C91BC942}") = "BlackHole", "BlackHole\BlackHole.vcxproj", "{4FB0700E-4B2A-4D51-8B56-B0E753C9BEB3}"
EndProject
Global
	GlobalSection(SolutionConfigurationPlatforms) = preSolution
		Debug|x64 = Debug|x64
		Release|x64 = Release|x64
	EndGlobalSection
	GlobalSection(ProjectConfigurationPlatforms) = postSolution
		{4FB0700E-4B2A-4D51-8B56-B0E753C9BEB3}.Debug|x64.ActiveCfg = Debug|x64
		{4FB0700E-4B2A-4D51-8B56-B0E753C9BEB3}.Debug|x64.Build.0 = Debug|x64
		{4FB0700E-4B2A-4D51-8B56-B0E753C9BEB3}.Release|x64.ActiveCfg = Release|x64
		{4FB0700E-4B2A-4D51-8B56-B0E753C9BEB3}.Release|x64.Build.0 = Release|x64
	EndGlobalSection
	GlobalSection(SolutionProperties) = preSolution
		HideSolutionNode = FALSE
	EndGlobalSection
	GlobalSection(ExtensibilityGlobals) = postSolution
		SolutionGuid = {37D3DF20-8ABD-4150-9DFB-461D75E317D9}
	EndGlobalSection
EndGlobal
